
Microsoft Visual Studio Solution File, Format Version 12.00
# Visual Studio Version 16
VisualStudioVersion = 16.0.28803.202
MinimumVisualStudioVersion = 10.0.40219.1
Project("{9A19103F-16F7-4668-BE54-9A1E7A4F7556}") = "UniversityProject.WEB", "UniversityProject.WEB\UniversityProject.WEB.csproj", "{6A3F1A9A-56FC-4593-A966-3D8C268A79F3}"
EndProject
Project("{9A19103F-16F7-4668-BE54-9A1E7A4F7556}") = "UniversityProject.Entities", "UniversityProject.Entities\UniversityProject.Entities.csproj", "{552E57A6-7AB9-4FB5-A907-B19C107B6773}"
EndProject
Project("{9A19103F-16F7-4668-BE54-9A1E7A4F7556}") = "UniversityProject.BusinessLogic", "UniversityProject.BusinessLogic\UniversityProject.BusinessLogic.csproj", "{48DD6A13-BD2E-4837-AF3D-7ADE0FCC00AB}"
EndProject
Project("{9A19103F-16F7-4668-BE54-9A1E7A4F7556}") = "UniversityProject.Shared", "UniversityProject.Shared\UniversityProject.Shared.csproj", "{6C232DC5-7D0E-4D27-B8E4-300A3B58259C}"
EndProject
Project("{9A19103F-16F7-4668-BE54-9A1E7A4F7556}") = "UniversityProject.DataAccess", "UniversityProject.DataAccess\UniversityProject.DataAccess.csproj", "{B9960F3E-738B-4D75-86A0-E23D45A79EC6}"
EndProject
Project("{9A19103F-16F7-4668-BE54-9A1E7A4F7556}") = "UniversityProject.ViewModels", "UniversityProject.ViewModels\UniversityProject.ViewModels.csproj", "{2CE5555E-13E7-455F-B998-B3CDAD6C14B4}"
EndProject
Global
	GlobalSection(SolutionConfigurationPlatforms) = preSolution
		Debug|Any CPU = Debug|Any CPU
		Release|Any CPU = Release|Any CPU
	EndGlobalSection
	GlobalSection(ProjectConfigurationPlatforms) = postSolution
		{6A3F1A9A-56FC-4593-A966-3D8C268A79F3}.Debug|Any CPU.ActiveCfg = Debug|Any CPU
		{6A3F1A9A-56FC-4593-A966-3D8C268A79F3}.Debug|Any CPU.Build.0 = Debug|Any CPU
		{6A3F1A9A-56FC-4593-A966-3D8C268A79F3}.Release|Any CPU.ActiveCfg = Release|Any CPU
		{6A3F1A9A-56FC-4593-A966-3D8C268A79F3}.Release|Any CPU.Build.0 = Release|Any CPU
		{552E57A6-7AB9-4FB5-A907-B19C107B6773}.Debug|Any CPU.ActiveCfg = Debug|Any CPU
		{552E57A6-7AB9-4FB5-A907-B19C107B6773}.Debug|Any CPU.Build.0 = Debug|Any CPU
		{552E57A6-7AB9-4FB5-A907-B19C107B6773}.Release|Any CPU.ActiveCfg = Release|Any CPU
		{552E57A6-7AB9-4FB5-A907-B19C107B6773}.Release|Any CPU.Build.0 = Release|Any CPU
		{48DD6A13-BD2E-4837-AF3D-7ADE0FCC00AB}.Debug|Any CPU.ActiveCfg = Debug|Any CPU
		{48DD6A13-BD2E-4837-AF3D-7ADE0FCC00AB}.Debug|Any CPU.Build.0 = Debug|Any CPU
		{48DD6A13-BD2E-4837-AF3D-7ADE0FCC00AB}.Release|Any CPU.ActiveCfg = Release|Any CPU
		{48DD6A13-BD2E-4837-AF3D-7ADE0FCC00AB}.Release|Any CPU.Build.0 = Release|Any CPU
		{6C232DC5-7D0E-4D27-B8E4-300A3B58259C}.Debug|Any CPU.ActiveCfg = Debug|Any CPU
		{6C232DC5-7D0E-4D27-B8E4-300A3B58259C}.Debug|Any CPU.Build.0 = Debug|Any CPU
		{6C232DC5-7D0E-4D27-B8E4-300A3B58259C}.Release|Any CPU.ActiveCfg = Release|Any CPU
		{6C232DC5-7D0E-4D27-B8E4-300A3B58259C}.Release|Any CPU.Build.0 = Release|Any CPU
		{B9960F3E-738B-4D75-86A0-E23D45A79EC6}.Debug|Any CPU.ActiveCfg = Debug|Any CPU
		{B9960F3E-738B-4D75-86A0-E23D45A79EC6}.Debug|Any CPU.Build.0 = Debug|Any CPU
		{B9960F3E-738B-4D75-86A0-E23D45A79EC6}.Release|Any CPU.ActiveCfg = Release|Any CPU
		{B9960F3E-738B-4D75-86A0-E23D45A79EC6}.Release|Any CPU.Build.0 = Release|Any CPU
		{2CE5555E-13E7-455F-B998-B3CDAD6C14B4}.Debug|Any CPU.ActiveCfg = Debug|Any CPU
		{2CE5555E-13E7-455F-B998-B3CDAD6C14B4}.Debug|Any CPU.Build.0 = Debug|Any CPU
		{2CE5555E-13E7-455F-B998-B3CDAD6C14B4}.Release|Any CPU.ActiveCfg = Release|Any CPU
		{2CE5555E-13E7-455F-B998-B3CDAD6C14B4}.Release|Any CPU.Build.0 = Release|Any CPU
	EndGlobalSection
	GlobalSection(SolutionProperties) = preSolution
		HideSolutionNode = FALSE
	EndGlobalSection
	GlobalSection(ExtensibilityGlobals) = postSolution
		SolutionGuid = {F8D3B985-9A4E-440F-BFA9-A6FE8207F1D5}
	EndGlobalSection
EndGlobal
